schema: '2.0'
stages:
  download:
    cmd: python -m src.data.downloader
    deps:
    - path: src/data/downloader.py
      hash: md5
      md5: c9b22e840a96873951708256fb44e68a
      size: 1025
    outs:
    - path: data/raw
      hash: md5
      md5: da153807315fe657c42866c266b8b651.dir
      size: 829973299
      nfiles: 12
  preprocess:
    cmd: python -m src.data.preprocessor
    deps:
    - path: data/raw
      hash: md5
      md5: da153807315fe657c42866c266b8b651.dir
      size: 829973299
      nfiles: 12
    - path: src/data/preprocessor.py
      hash: md5
      md5: 020bd0e76ee5ea59d87166c573966e44
      size: 3263
    outs:
    - path: data/processed/stream.parquet
      hash: md5
      md5: 5041f285aa15b2eb8f6aebbc10959995
      size: 898670
    - path: data/processed/train.parquet
      hash: md5
      md5: 2868ba08aa22e604f96f540ed681bceb
      size: 859735
  feature_engineering:
    cmd: python -m src.features.engineer
    deps:
    - path: data/processed/train.parquet
      hash: md5
      md5: 2868ba08aa22e604f96f540ed681bceb
      size: 859735
    - path: src/features/engineer.py
      hash: md5
      md5: 0217ed8035307ed7d37c9bf2b0f38022
      size: 3688
    outs:
    - path: data/processed/train_features.parquet
      hash: md5
      md5: 5080c714f17a93f080824c2481ebcded
      size: 14276118
  train:
    cmd: python -m src.training.train
    deps:
    - path: config.py
      hash: md5
      md5: 8eebe4dd5f63642e90a7113002e5c573
      size: 1714
    - path: data/processed/train_features.parquet
      hash: md5
      md5: 5080c714f17a93f080824c2481ebcded
      size: 14276118
    - path: src/training/train.py
      hash: md5
      md5: 021932423b0b116e1a12802ed8d23395
      size: 5323
    outs:
    - path: artifacts/plots
      hash: md5
      md5: c3d11010717ca926b7643e8a59f0b430.dir
      size: 1469343
      nfiles: 8
